
Microsoft Visual Studio Solution File, Format Version 12.00
# Visual Studio Version 17
VisualStudioVersion = 17.0.31903.59
MinimumVisualStudioVersion = 10.0.40219.1
Project("{F2A71F9B-5D33-465A-A702-920D77279786}") = "EverybodyCodes", "EverybodyCodes\EverybodyCodes.fsproj", "{133A396E-867D-4D88-A739-0BC61BF70979}"
EndProject
Project("{F2A71F9B-5D33-465A-A702-920D77279786}") = "EverybodyCodes.Test", "EverybodyCodes.Test\EverybodyCodes.Test.fsproj", "{480B5356-9C3C-40A1-9E3D-4FA1A125EBF9}"
EndProject
Global
	GlobalSection(SolutionConfigurationPlatforms) = preSolution
		Debug|Any CPU = Debug|Any CPU
		Release|Any CPU = Release|Any CPU
	EndGlobalSection
	GlobalSection(SolutionProperties) = preSolution
		HideSolutionNode = FALSE
	EndGlobalSection
	GlobalSection(ProjectConfigurationPlatforms) = postSolution
		{133A396E-867D-4D88-A739-0BC61BF70979}.Debug|Any CPU.ActiveCfg = Debug|Any CPU
		{133A396E-867D-4D88-A739-0BC61BF70979}.Debug|Any CPU.Build.0 = Debug|Any CPU
		{133A396E-867D-4D88-A739-0BC61BF70979}.Release|Any CPU.ActiveCfg = Release|Any CPU
		{133A396E-867D-4D88-A739-0BC61BF70979}.Release|Any CPU.Build.0 = Release|Any CPU
		{480B5356-9C3C-40A1-9E3D-4FA1A125EBF9}.Debug|Any CPU.ActiveCfg = Debug|Any CPU
		{480B5356-9C3C-40A1-9E3D-4FA1A125EBF9}.Debug|Any CPU.Build.0 = Debug|Any CPU
		{480B5356-9C3C-40A1-9E3D-4FA1A125EBF9}.Release|Any CPU.ActiveCfg = Release|Any CPU
		{480B5356-9C3C-40A1-9E3D-4FA1A125EBF9}.Release|Any CPU.Build.0 = Release|Any CPU
	EndGlobalSection
EndGlobal
